{
  "nodes": {
    "flake-utils": {
      "locked": {
        "lastModified": 1605370193,
        "narHash": "sha256-YyMTf3URDL/otKdKgtoMChu4vfVL3vCMkRqpGifhUn0=",
        "owner": "numtide",
        "repo": "flake-utils",
        "rev": "5021eac20303a61fafe17224c087f5519baed54d",
        "type": "github"
      },
      "original": {
        "owner": "numtide",
        "repo": "flake-utils",
        "type": "github"
      }
    },
    "gradle2nixSrc": {
      "flake": false,
      "locked": {
        "lastModified": 1607549173,
        "narHash": "sha256-LWWrprGBCnv4Ayu4Wdn9aVidMBNfuCW981ARqeenOoc=",
        "owner": "tadfisher",
        "repo": "gradle2nix",
        "rev": "f047221f5fba9f48a75e0b87174d74fe40984981",
        "type": "github"
      },
      "original": {
        "owner": "tadfisher",
        "repo": "gradle2nix",
        "type": "github"
      }
    },
    "nixpkgs": {
      "locked": {
        "lastModified": 1608419238,
        "narHash": "sha256-qTfQEkg40b0Uv0LlfdxuAzV9ErvmwsfkIPExl0cpjnE=",
        "owner": "NixOS",
        "repo": "nixpkgs",
        "rev": "6dc6c33a06d86ad0998dda9168202488b2643ec9",
        "type": "github"
      },
      "original": {
        "id": "nixpkgs",
        "type": "indirect"
      }
    },
    "root": {
      "inputs": {
        "flake-utils": "flake-utils",
        "gradle2nixSrc": "gradle2nixSrc",
        "nixpkgs": "nixpkgs"
      }
    }
  },
  "root": "root",
  "version": 7
}
